
Microsoft Visual Studio Solution File, Format Version 11.00
# Visual Studio 2010
Project("{F184B08F-C81C-45F6-A57F-5ABD9991F28F}") = "DMA100_DBN", "DMA100_DBN.vbproj", "{933D0E13-07F4-4F81-9335-5BAABB38F71F}"
EndProject
Global
	GlobalSection(SolutionConfigurationPlatforms) = preSolution
		Debug|Any CPU = Debug|Any CPU
		Release|Any CPU = Release|Any CPU
	EndGlobalSection
	GlobalSection(ProjectConfigurationPlatforms) = postSolution
		{933D0E13-07F4-4F81-9335-5BAABB38F71F}.Debug|Any CPU.ActiveCfg = Debug|Any CPU
		{933D0E13-07F4-4F81-9335-5BAABB38F71F}.Debug|Any CPU.Build.0 = Debug|Any CPU
		{933D0E13-07F4-4F81-9335-5BAABB38F71F}.Release|Any CPU.ActiveCfg = Release|Any CPU
		{933D0E13-07F4-4F81-9335-5BAABB38F71F}.Release|Any CPU.Build.0 = Release|Any CPU
	EndGlobalSection
	GlobalSection(SolutionProperties) = preSolution
		HideSolutionNode = FALSE
	EndGlobalSection
EndGlobal
